
Microsoft Visual Studio Solution File, Format Version 12.00
# Visual Studio Version 17
VisualStudioVersion = 17.5.33424.131
MinimumVisualStudioVersion = 10.0.40219.1
Project("{FAE04EC0-301F-11D3-BF4B-00C04F79EFBC}") = "Resol_1P", "Resol_1P\Resol_1P.csproj", "{2AF298CD-3AFF-4658-A814-82945C292775}"
EndProject
Global
	GlobalSection(SolutionConfigurationPlatforms) = preSolution
		Debug|Any CPU = Debug|Any CPU
		Release|Any CPU = Release|Any CPU
	EndGlobalSection
	GlobalSection(ProjectConfigurationPlatforms) = postSolution
		{2AF298CD-3AFF-4658-A814-82945C292775}.Debug|Any CPU.ActiveCfg = Debug|Any CPU
		{2AF298CD-3AFF-4658-A814-82945C292775}.Debug|Any CPU.Build.0 = Debug|Any CPU
		{2AF298CD-3AFF-4658-A814-82945C292775}.Release|Any CPU.ActiveCfg = Release|Any CPU
		{2AF298CD-3AFF-4658-A814-82945C292775}.Release|Any CPU.Build.0 = Release|Any CPU
	EndGlobalSection
	GlobalSection(SolutionProperties) = preSolution
		HideSolutionNode = FALSE
	EndGlobalSection
	GlobalSection(ExtensibilityGlobals) = postSolution
		SolutionGuid = {2267D17F-1397-49B8-A6B2-16087208DB43}
	EndGlobalSection
EndGlobal
